
Microsoft Visual Studio Solution File, Format Version 12.00
# Visual Studio Version 16
VisualStudioVersion = 16.0.28803.202
MinimumVisualStudioVersion = 10.0.40219.1
Project("{FAE04EC0-301F-11D3-BF4B-00C04F79EFBC}") = "OODWorkshop", "OODWorkshop\OODWorkshop.csproj", "{AD1A3867-88B8-4BE1-9209-5D39A56AF746}"
EndProject
Global
	GlobalSection(SolutionConfigurationPlatforms) = preSolution
		Debug|Any CPU = Debug|Any CPU
		Release|Any CPU = Release|Any CPU
	EndGlobalSection
	GlobalSection(ProjectConfigurationPlatforms) = postSolution
		{AD1A3867-88B8-4BE1-9209-5D39A56AF746}.Debug|Any CPU.ActiveCfg = Debug|Any CPU
		{AD1A3867-88B8-4BE1-9209-5D39A56AF746}.Debug|Any CPU.Build.0 = Debug|Any CPU
		{AD1A3867-88B8-4BE1-9209-5D39A56AF746}.Release|Any CPU.ActiveCfg = Release|Any CPU
		{AD1A3867-88B8-4BE1-9209-5D39A56AF746}.Release|Any CPU.Build.0 = Release|Any CPU
	EndGlobalSection
	GlobalSection(SolutionProperties) = preSolution
		HideSolutionNode = FALSE
	EndGlobalSection
	GlobalSection(ExtensibilityGlobals) = postSolution
		SolutionGuid = {2FD1E828-6ED4-49C9-9A51-11CC572678A0}
	EndGlobalSection
EndGlobal
